// !$*UTF8*$!
{
	archiveVersion = 1;
	classes = {
	};
	objectVersion = 50;
	objects = {

/* Begin PBXBuildFile section */
		A960E5CB23A2938400F4F7BD /* AppDelegate.swift in Sources */ = {isa = PBXBuildFile; fileRef = A960E5CA23A2938400F4F7BD /* AppDelegate.swift */; };
		A960E5CD23A2938400F4F7BD /* SceneDelegate.swift in Sources */ = {isa = PBXBuildFile; fileRef = A960E5CC23A2938400F4F7BD /* SceneDelegate.swift */; };
		A960E5CF23A2938400F4F7BD /* ContentView.swift in Sources */ = {isa = PBXBuildFile; fileRef = A960E5CE23A2938400F4F7BD /* ContentView.swift */; };
		A960E5D123A2938500F4F7BD /* Assets.xcassets in Resources */ = {isa = PBXBuildFile; fileRef = A960E5D023A2938500F4F7BD /* Assets.xcassets */; };
		A960E5D423A2938500F4F7BD /* Preview Assets.xcassets in Resources */ = {isa = PBXBuildFile; fileRef = A960E5D323A2938500F4F7BD /* Preview Assets.xcassets */; };
		A960E5D723A2938500F4F7BD /* LaunchScreen.storyboard in Resources */ = {isa = PBXBuildFile; fileRef = A960E5D523A2938500F4F7BD /* LaunchScreen.storyboard */; };
		A960E5E323A2A30D00F4F7BD /* input_01.txt in Resources */ = {isa = PBXBuildFile; fileRef = A960E5E223A2A30D00F4F7BD /* input_01.txt */; };
		A960E5E523A2A41D00F4F7BD /* Reader.swift in Sources */ = {isa = PBXBuildFile; fileRef = A960E5E423A2A41D00F4F7BD /* Reader.swift */; };
		A960E5E823A2A67C00F4F7BD /* DayOne.swift in Sources */ = {isa = PBXBuildFile; fileRef = A960E5E723A2A67C00F4F7BD /* DayOne.swift */; };
		A9B4244F23A6159E0022EBA5 /* DayTwo.swift in Sources */ = {isa = PBXBuildFile; fileRef = A9B4244E23A6159E0022EBA5 /* DayTwo.swift */; };
/* End PBXBuildFile section */

/* Begin PBXFileReference section */
		A960E5C723A2938400F4F7BD /* advent_of_code_pos.app */ = {isa = PBXFileReference; explicitFileType = wrapper.application; includeInIndex = 0; path = advent_of_code_pos.app; sourceTree = BUILT_PRODUCTS_DIR; };
		A960E5CA23A2938400F4F7BD /* AppDelegate.swift */ = {isa = PBXFileReference; lastKnownFileType = sourcecode.swift; path = AppDelegate.swift; sourceTree = "<group>"; };
		A960E5CC23A2938400F4F7BD /* SceneDelegate.swift */ = {isa = PBXFileReference; lastKnownFileType = sourcecode.swift; path = SceneDelegate.swift; sourceTree = "<group>"; };
		A960E5CE23A2938400F4F7BD /* ContentView.swift */ = {isa = PBXFileReference; lastKnownFileType = sourcecode.swift; path = ContentView.swift; sourceTree = "<group>"; };
		A960E5D023A2938500F4F7BD /* Assets.xcassets */ = {isa = PBXFileReference; lastKnownFileType = folder.assetcatalog; path = Assets.xcassets; sourceTree = "<group>"; };
		A960E5D323A2938500F4F7BD /* Preview Assets.xcassets */ = {isa = PBXFileReference; lastKnownFileType = folder.assetcatalog; path = "Preview Assets.xcassets"; sourceTree = "<group>"; };
		A960E5D623A2938500F4F7BD /* Base */ = {isa = PBXFileReference; lastKnownFileType = file.storyboard; name = Base; path = Base.lproj/LaunchScreen.storyboard; sourceTree = "<group>"; };
		A960E5D823A2938500F4F7BD /* Info.plist */ = {isa = PBXFileReference; lastKnownFileType = text.plist.xml; path = Info.plist; sourceTree = "<group>"; };
		A960E5E223A2A30D00F4F7BD /* input_01.txt */ = {isa = PBXFileReference; fileEncoding = 4; lastKnownFileType = text; name = input_01.txt; path = ../../AOC_Angaben/input_01.txt; sourceTree = "<group>"; };
		A960E5E423A2A41D00F4F7BD /* Reader.swift */ = {isa = PBXFileReference; lastKnownFileType = sourcecode.swift; name = Reader.swift; path = "/Users/tobiasfurtlehner/Documents/Schule/5. Klasse/POS Grüneis/advent_of_code_pos/advent_of_code_pos/Reader.swift"; sourceTree = "<absolute>"; };
		A960E5E723A2A67C00F4F7BD /* DayOne.swift */ = {isa = PBXFileReference; fileEncoding = 4; lastKnownFileType = sourcecode.swift; path = DayOne.swift; sourceTree = "<group>"; };
		A97AAD4B23AF37AA00E68D93 /* input_02.txt */ = {isa = PBXFileReference; lastKnownFileType = text; path = input_02.txt; sourceTree = "<group>"; };
		A9B4244E23A6159E0022EBA5 /* DayTwo.swift */ = {isa = PBXFileReference; lastKnownFileType = sourcecode.swift; path = DayTwo.swift; sourceTree = "<group>"; };
/* End PBXFileReference section */

/* Begin PBXFrameworksBuildPhase section */
		A960E5C423A2938400F4F7BD /* Frameworks */ = {
			isa = PBXFrameworksBuildPhase;
			buildActionMask = 2147483647;
			files = (
			);
			runOnlyForDeploymentPostprocessing = 0;
		};
/* End PBXFrameworksBuildPhase section */

/* Begin PBXGroup section */
		A960E5BE23A2938400F4F7BD = {
			isa = PBXGroup;
			children = (
				A960E5C923A2938400F4F7BD /* advent_of_code_pos */,
				A960E5C823A2938400F4F7BD /* Products */,
			);
			sourceTree = "<group>";
		};
		A960E5C823A2938400F4F7BD /* Products */ = {
			isa = PBXGroup;
			children = (
				A960E5C723A2938400F4F7BD /* advent_of_code_pos.app */,
			);
			name = Products;
			sourceTree = "<group>";
		};
		A960E5C923A2938400F4F7BD /* advent_of_code_pos */ = {
			isa = PBXGroup;
			children = (
				A960E5E623A2A64900F4F7BD /* Advent */,
				A960E5E423A2A41D00F4F7BD /* Reader.swift */,
				A97AAD4B23AF37AA00E68D93 /* input_02.txt */,
				A960E5E223A2A30D00F4F7BD /* input_01.txt */,
				A960E5CA23A2938400F4F7BD /* AppDelegate.swift */,
				A960E5CC23A2938400F4F7BD /* SceneDelegate.swift */,
				A960E5CE23A2938400F4F7BD /* ContentView.swift */,
				A960E5D023A2938500F4F7BD /* Assets.xcassets */,
				A960E5D523A2938500F4F7BD /* LaunchScreen.storyboard */,
				A960E5D823A2938500F4F7BD /* Info.plist */,
				A960E5D223A2938500F4F7BD /* Preview Content */,
			);
			path = advent_of_code_pos;
			sourceTree = "<group>";
		};
		A960E5D223A2938500F4F7BD /* Preview Content */ = {
			isa = PBXGroup;
			children = (
				A960E5D323A2938500F4F7BD /* Preview Assets.xcassets */,
			);
			path = "Preview Content";
			sourceTree = "<group>";
		};
		A960E5E623A2A64900F4F7BD /* Advent */ = {
			isa = PBXGroup;
			children = (
				A960E5E723A2A67C00F4F7BD /* DayOne.swift */,
				A9B4244E23A6159E0022EBA5 /* DayTwo.swift */,
			);
			path = Advent;
			sourceTree = "<group>";
		};
/* End PBXGroup section */

/* Begin PBXNativeTarget section */
		A960E5C623A2938400F4F7BD /* advent_of_code_pos */ = {
			isa = PBXNativeTarget;
			buildConfigurationList = A960E5DB23A2938500F4F7BD /* Build configuration list for PBXNativeTarget "advent_of_code_pos" */;
			buildPhases = (
				A960E5C323A2938400F4F7BD /* Sources */,
				A960E5C423A2938400F4F7BD /* Frameworks */,
				A960E5C523A2938400F4F7BD /* Resources */,
			);
			buildRules = (
			);
			dependencies = (
			);
			name = advent_of_code_pos;
			productName = advent_of_code_pos;
			productReference = A960E5C723A2938400F4F7BD /* advent_of_code_pos.app */;
			productType = "com.apple.product-type.application";
		};
/* End PBXNativeTarget section */

/* Begin PBXProject section */
		A960E5BF23A2938400F4F7BD /* Project object */ = {
			isa = PBXProject;
			attributes = {
				LastSwiftUpdateCheck = 1120;
				LastUpgradeCheck = 1120;
				ORGANIZATIONNAME = "Tobias Furtlehner";
				TargetAttributes = {
					A960E5C623A2938400F4F7BD = {
						CreatedOnToolsVersion = 11.2.1;
					};
				};
			};
			buildConfigurationList = A960E5C223A2938400F4F7BD /* Build configuration list for PBXProject "advent_of_code_pos" */;
			compatibilityVersion = "Xcode 9.3";
			developmentRegion = en;
			hasScannedForEncodings = 0;
			knownRegions = (
				en,
				Base,
			);
			mainGroup = A960E5BE23A2938400F4F7BD;
			productRefGroup = A960E5C823A2938400F4F7BD /* Products */;
			projectDirPath = "";
			projectRoot = "";
			targets = (
				A960E5C623A2938400F4F7BD /* advent_of_code_pos */,
			);
		};
/* End PBXProject section */

/* Begin PBXResourcesBuildPhase section */
		A960E5C523A2938400F4F7BD /* Resources */ = {
			isa = PBXResourcesBuildPhase;
			buildActionMask = 2147483647;
			files = (
				A960E5D723A2938500F4F7BD /* LaunchScreen.storyboard in Resources */,
				A960E5D423A2938500F4F7BD /* Preview Assets.xcassets in Resources */,
				A960E5E323A2A30D00F4F7BD /* input_01.txt in Resources */,
				A960E5D123A2938500F4F7BD /* Assets.xcassets in Resources */,
			);
			runOnlyForDeploymentPostprocessing = 0;
		};
/* End PBXResourcesBuildPhase section */

/* Begin PBXSourcesBuildPhase section */
		A960E5C323A2938400F4F7BD /* Sources */ = {
			isa = PBXSourcesBuildPhase;
			buildActionMask = 2147483647;
			files = (
				A960E5CB23A2938400F4F7BD /* AppDelegate.swift in Sources */,
				A9B4244F23A6159E0022EBA5 /* DayTwo.swift in Sources */,
				A960E5CD23A2938400F4F7BD /* SceneDelegate.swift in Sources */,
				A960E5E823A2A67C00F4F7BD /* DayOne.swift in Sources */,
				A960E5E523A2A41D00F4F7BD /* Reader.swift in Sources */,
				A960E5CF23A2938400F4F7BD /* ContentView.swift in Sources */,
			);
			runOnlyForDeploymentPostprocessing = 0;
		};
/* End PBXSourcesBuildPhase section */

/* Begin PBXVariantGroup section */
		A960E5D523A2938500F4F7BD /* LaunchScreen.storyboard */ = {
			isa = PBXVariantGroup;
			children = (
				A960E5D623A2938500F4F7BD /* Base */,
			);
			name = LaunchScreen.storyboard;
			sourceTree = "<group>";
		};
/* End PBXVariantGroup section */

/* Begin XCBuildConfiguration section */
		A960E5D923A2938500F4F7BD /* Debug */ = {
			isa = XCBuildConfiguration;
			buildSettings = {
				ALWAYS_SEARCH_USER_PATHS = NO;
				CLANG_ANALYZER_NONNULL = YES;
				CLANG_ANALYZER_NUMBER_OBJECT_CONVERSION = YES_AGGRESSIVE;
				CLANG_CXX_LANGUAGE_STANDARD = "gnu++14";
				CLANG_CXX_LIBRARY = "libc++";
				CLANG_ENABLE_MODULES = YES;
				CLANG_ENABLE_OBJC_ARC = YES;
				CLANG_ENABLE_OBJC_WEAK = YES;
				CLANG_WARN_BLOCK_CAPTURE_AUTORELEASING = YES;
				CLANG_WARN_BOOL_CONVERSION = YES;
				CLANG_WARN_COMMA = YES;
				CLANG_WARN_CONSTANT_CONVERSION = YES;
				CLANG_WARN_DEPRECATED_OBJC_IMPLEMENTATIONS = YES;
				CLANG_WARN_DIRECT_OBJC_ISA_USAGE = YES_ERROR;
				CLANG_WARN_DOCUMENTATION_COMMENTS = YES;
				CLANG_WARN_EMPTY_BODY = YES;
				CLANG_WARN_ENUM_CONVERSION = YES;
				CLANG_WARN_INFINITE_RECURSION = YES;
				CLANG_WARN_INT_CONVERSION = YES;
				CLANG_WARN_NON_LITERAL_NULL_CONVERSION = YES;
				CLANG_WARN_OBJC_IMPLICIT_RETAIN_SELF = YES;
				CLANG_WARN_OBJC_LITERAL_CONVERSION = YES;
				CLANG_WARN_OBJC_ROOT_CLASS = YES_ERROR;
				CLANG_WARN_RANGE_LOOP_ANALYSIS = YES;
				CLANG_WARN_STRICT_PROTOTYPES = YES;
				CLANG_WARN_SUSPICIOUS_MOVE = YES;
				CLANG_WARN_UNGUARDED_AVAILABILITY = YES_AGGRESSIVE;
				CLANG_WARN_UNREACHABLE_CODE = YES;
				CLANG_WARN__DUPLICATE_METHOD_MATCH = YES;
				COPY_PHASE_STRIP = NO;
				DEBUG_INFORMATION_FORMAT = dwarf;
				ENABLE_STRICT_OBJC_MSGSEND = YES;
				ENABLE_TESTABILITY = YES;
				GCC_C_LANGUAGE_STANDARD = gnu11;
				GCC_DYNAMIC_NO_PIC = NO;
				GCC_NO_COMMON_BLOCKS = YES;
				GCC_OPTIMIZATION_LEVEL = 0;
				GCC_PREPROCESSOR_DEFINITIONS = (
					"DEBUG=1",
					"$(inherited)",
				);
				GCC_WARN_64_TO_32_BIT_CONVERSION = YES;
				GCC_WARN_ABOUT_RETURN_TYPE = YES_ERROR;
				GCC_WARN_UNDECLARED_SELECTOR = YES;
				GCC_WARN_UNINITIALIZED_AUTOS = YES_AGGRESSIVE;
				GCC_WARN_UNUSED_FUNCTION = YES;
				GCC_WARN_UNUSED_VARIABLE = YES;
				IPHONEOS_DEPLOYMENT_TARGET = 13.2;
				MTL_ENABLE_DEBUG_INFO = INCLUDE_SOURCE;
				MTL_FAST_MATH = YES;
				ONLY_ACTIVE_ARCH = YES;
				SDKROOT = iphoneos;
				SWIFT_ACTIVE_COMPILATION_CONDITIONS = DEBUG;
				SWIFT_OPTIMIZATION_LEVEL = "-Onone";
			};
			name = Debug;
		};
		A960E5DA23A2938500F4F7BD /* Release */ = {
			isa = XCBuildConfiguration;
			buildSettings = {
				ALWAYS_SEARCH_USER_PATHS = NO;
				CLANG_ANALYZER_NONNULL = YES;
				CLANG_ANALYZER_NUMBER_OBJECT_CONVERSION = YES_AGGRESSIVE;
				CLANG_CXX_LANGUAGE_STANDARD = "gnu++14";
				CLANG_CXX_LIBRARY = "libc++";
				CLANG_ENABLE_MODULES = YES;
				CLANG_ENABLE_OBJC_ARC = YES;
				CLANG_ENABLE_OBJC_WEAK = YES;
				CLANG_WARN_BLOCK_CAPTURE_AUTORELEASING = YES;
				CLANG_WARN_BOOL_CONVERSION = YES;
				CLANG_WARN_COMMA = YES;
				CLANG_WARN_CONSTANT_CONVERSION = YES;
				CLANG_WARN_DEPRECATED_OBJC_IMPLEMENTATIONS = YES;
				CLANG_WARN_DIRECT_OBJC_ISA_USAGE = YES_ERROR;
				CLANG_WARN_DOCUMENTATION_COMMENTS = YES;
				CLANG_WARN_EMPTY_BODY = YES;
				CLANG_WARN_ENUM_CONVERSION = YES;
				CLANG_WARN_INFINITE_RECURSION = YES;
				CLANG_WARN_INT_CONVERSION = YES;
				CLANG_WARN_NON_LITERAL_NULL_CONVERSION = YES;
				CLANG_WARN_OBJC_IMPLICIT_RETAIN_SELF = YES;
				CLANG_WARN_OBJC_LITERAL_CONVERSION = YES;
				CLANG_WARN_OBJC_ROOT_CLASS = YES_ERROR;
				CLANG_WARN_RANGE_LOOP_ANALYSIS = YES;
				CLANG_WARN_STRICT_PROTOTYPES = YES;
				CLANG_WARN_SUSPICIOUS_MOVE = YES;
				CLANG_WARN_UNGUARDED_AVAILABILITY = YES_AGGRESSIVE;
				CLANG_WARN_UNREACHABLE_CODE = YES;
				CLANG_WARN__DUPLICATE_METHOD_MATCH = YES;
				COPY_PHASE_STRIP = NO;
				DEBUG_INFORMATION_FORMAT = "dwarf-with-dsym";
				ENABLE_NS_ASSERTIONS = NO;
				ENABLE_STRICT_OBJC_MSGSEND = YES;
				GCC_C_LANGUAGE_STANDARD = gnu11;
				GCC_NO_COMMON_BLOCKS = YES;
				GCC_WARN_64_TO_32_BIT_CONVERSION = YES;
				GCC_WARN_ABOUT_RETURN_TYPE = YES_ERROR;
				GCC_WARN_UNDECLARED_SELECTOR = YES;
				GCC_WARN_UNINITIALIZED_AUTOS = YES_AGGRESSIVE;
				GCC_WARN_UNUSED_FUNCTION = YES;
				GCC_WARN_UNUSED_VARIABLE = YES;
				IPHONEOS_DEPLOYMENT_TARGET = 13.2;
				MTL_ENABLE_DEBUG_INFO = NO;
				MTL_FAST_MATH = YES;
				SDKROOT = iphoneos;
				SWIFT_COMPILATION_MODE = wholemodule;
				SWIFT_OPTIMIZATION_LEVEL = "-O";
				VALIDATE_PRODUCT = YES;
			};
			name = Release;
		};
		A960E5DC23A2938500F4F7BD /* Debug */ = {
			isa = XCBuildConfiguration;
			buildSettings = {
				ASSETCATALOG_COMPILER_APPICON_NAME = AppIcon;
				CODE_SIGN_STYLE = Automatic;
				DEVELOPMENT_ASSET_PATHS = "\"advent_of_code_pos/Preview Content\"";
				DEVELOPMENT_TEAM = KPQ6YQPJUM;
				ENABLE_PREVIEWS = YES;
				INFOPLIST_FILE = advent_of_code_pos/Info.plist;
				LD_RUNPATH_SEARCH_PATHS = (
					"$(inherited)",
					"@executable_path/Frameworks",
				);
				PRODUCT_BUNDLE_IDENTIFIER = "com.furtlehner.advent-of-code-pos";
				PRODUCT_NAME = "$(TARGET_NAME)";
				SWIFT_VERSION = 5.0;
				TARGETED_DEVICE_FAMILY = "1,2";
			};
			name = Debug;
		};
		A960E5DD23A2938500F4F7BD /* Release */ = {
			isa = XCBuildConfiguration;
			buildSettings = {
				ASSETCATALOG_COMPILER_APPICON_NAME = AppIcon;
				CODE_SIGN_STYLE = Automatic;
				DEVELOPMENT_ASSET_PATHS = "\"advent_of_code_pos/Preview Content\"";
				DEVELOPMENT_TEAM = KPQ6YQPJUM;
				ENABLE_PREVIEWS = YES;
				INFOPLIST_FILE = advent_of_code_pos/Info.plist;
				LD_RUNPATH_SEARCH_PATHS = (
					"$(inherited)",
					"@executable_path/Frameworks",
				);
				PRODUCT_BUNDLE_IDENTIFIER = "com.furtlehner.advent-of-code-pos";
				PRODUCT_NAME = "$(TARGET_NAME)";
				SWIFT_VERSION = 5.0;
				TARGETED_DEVICE_FAMILY = "1,2";
			};
			name = Release;
		};
/* End XCBuildConfiguration section */

/* Begin XCConfigurationList section */
		A960E5C223A2938400F4F7BD /* Build configuration list for PBXProject "advent_of_code_pos" */ = {
			isa = XCConfigurationList;
			buildConfigurations = (
				A960E5D923A2938500F4F7BD /* Debug */,
				A960E5DA23A2938500F4F7BD /* Release */,
			);
			defaultConfigurationIsVisible = 0;
			defaultConfigurationName = Release;
		};
		A960E5DB23A2938500F4F7BD /* Build configuration list for PBXNativeTarget "advent_of_code_pos" */ = {
			isa = XCConfigurationList;
			buildConfigurations = (
				A960E5DC23A2938500F4F7BD /* Debug */,
				A960E5DD23A2938500F4F7BD /* Release */,
			);
			defaultConfigurationIsVisible = 0;
			defaultConfigurationName = Release;
		};
/* End XCConfigurationList section */
	};
	rootObject = A960E5BF23A2938400F4F7BD /* Project object */;
}
